
Microsoft Visual Studio Solution File, Format Version 12.00
# Visual Studio 2013
VisualStudioVersion = 12.0.21005.1
MinimumVisualStudioVersion = 10.0.40219.1
Project("{FAE04EC0-301F-11D3-BF4B-00C04F79EFBC}") = "DB", "DB\DB.csproj", "{1406F0F5-89BB-4E0A-A9F2-601AEF001CDA}"
EndProject
Project("{FAE04EC0-301F-11D3-BF4B-00C04F79EFBC}") = "DFZ.YML2", "DFZ.YML2\DFZ.YML2.csproj", "{AD856C3C-F629-4B1B-AEAC-B626D6AF622C}"
EndProject
Project("{FAE04EC0-301F-11D3-BF4B-00C04F79EFBC}") = "miniui", "miniui\miniui.csproj", "{B7A6B724-2675-4B7C-BE1A-751610CAE635}"
EndProject
Project("{FAE04EC0-301F-11D3-BF4B-00C04F79EFBC}") = "DFZ.BenSeLing", "DFZ.BenSeLing\DFZ.BenSeLing.csproj", "{7B3E1170-E241-4C10-B06F-9007F7D31B68}"
EndProject
Global
	GlobalSection(SolutionConfigurationPlatforms) = preSolution
		Debug|Any CPU = Debug|Any CPU
		Release|Any CPU = Release|Any CPU
	EndGlobalSection
	GlobalSection(ProjectConfigurationPlatforms) = postSolution
		{1406F0F5-89BB-4E0A-A9F2-601AEF001CDA}.Debug|Any CPU.ActiveCfg = Debug|Any CPU
		{1406F0F5-89BB-4E0A-A9F2-601AEF001CDA}.Debug|Any CPU.Build.0 = Debug|Any CPU
		{1406F0F5-89BB-4E0A-A9F2-601AEF001CDA}.Release|Any CPU.ActiveCfg = Release|Any CPU
		{1406F0F5-89BB-4E0A-A9F2-601AEF001CDA}.Release|Any CPU.Build.0 = Release|Any CPU
		{AD856C3C-F629-4B1B-AEAC-B626D6AF622C}.Debug|Any CPU.ActiveCfg = Debug|Any CPU
		{AD856C3C-F629-4B1B-AEAC-B626D6AF622C}.Debug|Any CPU.Build.0 = Debug|Any CPU
		{AD856C3C-F629-4B1B-AEAC-B626D6AF622C}.Release|Any CPU.ActiveCfg = Release|Any CPU
		{AD856C3C-F629-4B1B-AEAC-B626D6AF622C}.Release|Any CPU.Build.0 = Release|Any CPU
		{B7A6B724-2675-4B7C-BE1A-751610CAE635}.Debug|Any CPU.ActiveCfg = Debug|Any CPU
		{B7A6B724-2675-4B7C-BE1A-751610CAE635}.Debug|Any CPU.Build.0 = Debug|Any CPU
		{B7A6B724-2675-4B7C-BE1A-751610CAE635}.Release|Any CPU.ActiveCfg = Release|Any CPU
		{B7A6B724-2675-4B7C-BE1A-751610CAE635}.Release|Any CPU.Build.0 = Release|Any CPU
		{7B3E1170-E241-4C10-B06F-9007F7D31B68}.Debug|Any CPU.ActiveCfg = Debug|Any CPU
		{7B3E1170-E241-4C10-B06F-9007F7D31B68}.Debug|Any CPU.Build.0 = Debug|Any CPU
		{7B3E1170-E241-4C10-B06F-9007F7D31B68}.Release|Any CPU.ActiveCfg = Release|Any CPU
		{7B3E1170-E241-4C10-B06F-9007F7D31B68}.Release|Any CPU.Build.0 = Release|Any CPU
	EndGlobalSection
	GlobalSection(SolutionProperties) = preSolution
		HideSolutionNode = FALSE
	EndGlobalSection
EndGlobal
